
Microsoft Visual Studio Solution File, Format Version 12.00
# Visual Studio Version 16
VisualStudioVersion = 16.0.31129.286
MinimumVisualStudioVersion = 10.0.40219.1
Project("{9A19103F-16F7-4668-BE54-9A1E7A4F7556}") = "SpaceInvadersModel", "SpaceInvaders\SpaceInvadersModel.csproj", "{3F361C64-D554-442E-89EB-B8AEC0EA5EE3}"
EndProject
Project("{9A19103F-16F7-4668-BE54-9A1E7A4F7556}") = "SpaceInvadersBusiness", "SpaceInvadersBusiness\SpaceInvadersBusiness.csproj", "{919B161D-3017-401C-8947-12B62B6F0D43}"
EndProject
Project("{FAE04EC0-301F-11D3-BF4B-00C04F79EFBC}") = "SpaceInvaderTests", "SpaceInvaderTests\SpaceInvaderTests.csproj", "{BC645D50-645B-49CC-B35B-935A05ED5ACE}"
EndProject
Global
	GlobalSection(SolutionConfigurationPlatforms) = preSolution
		Debug|Any CPU = Debug|Any CPU
		Release|Any CPU = Release|Any CPU
	EndGlobalSection
	GlobalSection(ProjectConfigurationPlatforms) = postSolution
		{3F361C64-D554-442E-89EB-B8AEC0EA5EE3}.Debug|Any CPU.ActiveCfg = Debug|Any CPU
		{3F361C64-D554-442E-89EB-B8AEC0EA5EE3}.Debug|Any CPU.Build.0 = Debug|Any CPU
		{3F361C64-D554-442E-89EB-B8AEC0EA5EE3}.Release|Any CPU.ActiveCfg = Release|Any CPU
		{3F361C64-D554-442E-89EB-B8AEC0EA5EE3}.Release|Any CPU.Build.0 = Release|Any CPU
		{919B161D-3017-401C-8947-12B62B6F0D43}.Debug|Any CPU.ActiveCfg = Debug|Any CPU
		{919B161D-3017-401C-8947-12B62B6F0D43}.Debug|Any CPU.Build.0 = Debug|Any CPU
		{919B161D-3017-401C-8947-12B62B6F0D43}.Release|Any CPU.ActiveCfg = Release|Any CPU
		{919B161D-3017-401C-8947-12B62B6F0D43}.Release|Any CPU.Build.0 = Release|Any CPU
		{BC645D50-645B-49CC-B35B-935A05ED5ACE}.Debug|Any CPU.ActiveCfg = Debug|Any CPU
		{BC645D50-645B-49CC-B35B-935A05ED5ACE}.Debug|Any CPU.Build.0 = Debug|Any CPU
		{BC645D50-645B-49CC-B35B-935A05ED5ACE}.Release|Any CPU.ActiveCfg = Release|Any CPU
		{BC645D50-645B-49CC-B35B-935A05ED5ACE}.Release|Any CPU.Build.0 = Release|Any CPU
	EndGlobalSection
	GlobalSection(SolutionProperties) = preSolution
		HideSolutionNode = FALSE
	EndGlobalSection
	GlobalSection(ExtensibilityGlobals) = postSolution
		SolutionGuid = {222F1C55-6F80-4D8C-9B03-8142157D747A}
	EndGlobalSection
EndGlobal
